
Microsoft Visual Studio Solution File, Format Version 12.00
# Visual Studio 15
VisualStudioVersion = 15.0.28010.2016
MinimumVisualStudioVersion = 10.0.40219.1
Project("{FAE04EC0-301F-11D3-BF4B-00C04F79EFBC}") = "SmartMenuTest", "SmartMenuTest\SmartMenuTest.csproj", "{79825403-B0A6-49B2-8754-2BE1D662B43C}"
EndProject
Project("{FAE04EC0-301F-11D3-BF4B-00C04F79EFBC}") = "SmartMenuLibrary", "SmartMenuLibrary\SmartMenuLibrary.csproj", "{288A2401-9CE9-4FB5-A450-CA8222554728}"
EndProject
Project("{FAE04EC0-301F-11D3-BF4B-00C04F79EFBC}") = "CalculatorLibrary", "CalculatorLibrary\CalculatorLibrary.csproj", "{576D89D4-11DE-4331-833C-82BDF3CCA32C}"
EndProject
Project("{FAE04EC0-301F-11D3-BF4B-00C04F79EFBC}") = "CalculatorTest", "CalculatorTest\CalculatorTest.csproj", "{5E6BBAE5-3026-4786-8F30-FD86552D37D6}"
EndProject
Global
	GlobalSection(SolutionConfigurationPlatforms) = preSolution
		Debug|Any CPU = Debug|Any CPU
		Release|Any CPU = Release|Any CPU
	EndGlobalSection
	GlobalSection(ProjectConfigurationPlatforms) = postSolution
		{79825403-B0A6-49B2-8754-2BE1D662B43C}.Debug|Any CPU.ActiveCfg = Debug|Any CPU
		{79825403-B0A6-49B2-8754-2BE1D662B43C}.Debug|Any CPU.Build.0 = Debug|Any CPU
		{79825403-B0A6-49B2-8754-2BE1D662B43C}.Release|Any CPU.ActiveCfg = Release|Any CPU
		{79825403-B0A6-49B2-8754-2BE1D662B43C}.Release|Any CPU.Build.0 = Release|Any CPU
		{288A2401-9CE9-4FB5-A450-CA8222554728}.Debug|Any CPU.ActiveCfg = Debug|Any CPU
		{288A2401-9CE9-4FB5-A450-CA8222554728}.Debug|Any CPU.Build.0 = Debug|Any CPU
		{288A2401-9CE9-4FB5-A450-CA8222554728}.Release|Any CPU.ActiveCfg = Release|Any CPU
		{288A2401-9CE9-4FB5-A450-CA8222554728}.Release|Any CPU.Build.0 = Release|Any CPU
		{576D89D4-11DE-4331-833C-82BDF3CCA32C}.Debug|Any CPU.ActiveCfg = Debug|Any CPU
		{576D89D4-11DE-4331-833C-82BDF3CCA32C}.Debug|Any CPU.Build.0 = Debug|Any CPU
		{576D89D4-11DE-4331-833C-82BDF3CCA32C}.Release|Any CPU.ActiveCfg = Release|Any CPU
		{576D89D4-11DE-4331-833C-82BDF3CCA32C}.Release|Any CPU.Build.0 = Release|Any CPU
		{5E6BBAE5-3026-4786-8F30-FD86552D37D6}.Debug|Any CPU.ActiveCfg = Debug|Any CPU
		{5E6BBAE5-3026-4786-8F30-FD86552D37D6}.Debug|Any CPU.Build.0 = Debug|Any CPU
		{5E6BBAE5-3026-4786-8F30-FD86552D37D6}.Release|Any CPU.ActiveCfg = Release|Any CPU
		{5E6BBAE5-3026-4786-8F30-FD86552D37D6}.Release|Any CPU.Build.0 = Release|Any CPU
	EndGlobalSection
	GlobalSection(SolutionProperties) = preSolution
		HideSolutionNode = FALSE
	EndGlobalSection
	GlobalSection(ExtensibilityGlobals) = postSolution
		SolutionGuid = {3D6AC479-1EAB-4843-8F35-39009F6F719C}
	EndGlobalSection
EndGlobal
